
Microsoft Visual Studio Solution File, Format Version 12.00
# Visual Studio 2012
Project("{FAE04EC0-301F-11D3-BF4B-00C04F79EFBC}") = "Icing.Core", "Icing.Core\Icing.Core.csproj", "{5B6EB7DC-EC21-4D7D-A569-0D541D49A0D2}"
EndProject
Project("{FAE04EC0-301F-11D3-BF4B-00C04F79EFBC}") = "Icing.Tests", "Icing.Tests\Icing.Tests.csproj", "{FB1EF5C5-35F0-450D-BAA6-2573E98BDADD}"
EndProject
Project("{FAE04EC0-301F-11D3-BF4B-00C04F79EFBC}") = "Icing.TestTools.MSTest", "Icing.TestTools.MSTest\Icing.TestTools.MSTest.csproj", "{A0DBA010-B513-4C32-BA8F-A012779F01F1}"
EndProject
Project("{FAE04EC0-301F-11D3-BF4B-00C04F79EFBC}") = "Icing.Web.Unity", "Icing.Web.Unity\Icing.Web.Unity.csproj", "{8715CBFE-B074-4000-BFD5-1D33D231AB7C}"
EndProject
Project("{2150E333-8FDC-42A3-9474-1A3956D46DE8}") = "Solution Items", "Solution Items", "{0EEA451E-89F5-4B04-B09A-C6B117F1CC66}"
	ProjectSection(SolutionItems) = preProject
		..\README.md = ..\README.md
	EndProjectSection
EndProject
Global
	GlobalSection(SolutionConfigurationPlatforms) = preSolution
		Debug|Any CPU = Debug|Any CPU
		Release|Any CPU = Release|Any CPU
	EndGlobalSection
	GlobalSection(ProjectConfigurationPlatforms) = postSolution
		{5B6EB7DC-EC21-4D7D-A569-0D541D49A0D2}.Debug|Any CPU.ActiveCfg = Debug|Any CPU
		{5B6EB7DC-EC21-4D7D-A569-0D541D49A0D2}.Debug|Any CPU.Build.0 = Debug|Any CPU
		{5B6EB7DC-EC21-4D7D-A569-0D541D49A0D2}.Release|Any CPU.ActiveCfg = Release|Any CPU
		{5B6EB7DC-EC21-4D7D-A569-0D541D49A0D2}.Release|Any CPU.Build.0 = Release|Any CPU
		{FB1EF5C5-35F0-450D-BAA6-2573E98BDADD}.Debug|Any CPU.ActiveCfg = Debug|Any CPU
		{FB1EF5C5-35F0-450D-BAA6-2573E98BDADD}.Debug|Any CPU.Build.0 = Debug|Any CPU
		{FB1EF5C5-35F0-450D-BAA6-2573E98BDADD}.Release|Any CPU.ActiveCfg = Release|Any CPU
		{FB1EF5C5-35F0-450D-BAA6-2573E98BDADD}.Release|Any CPU.Build.0 = Release|Any CPU
		{A0DBA010-B513-4C32-BA8F-A012779F01F1}.Debug|Any CPU.ActiveCfg = Debug|Any CPU
		{A0DBA010-B513-4C32-BA8F-A012779F01F1}.Debug|Any CPU.Build.0 = Debug|Any CPU
		{A0DBA010-B513-4C32-BA8F-A012779F01F1}.Release|Any CPU.ActiveCfg = Release|Any CPU
		{A0DBA010-B513-4C32-BA8F-A012779F01F1}.Release|Any CPU.Build.0 = Release|Any CPU
		{8715CBFE-B074-4000-BFD5-1D33D231AB7C}.Debug|Any CPU.ActiveCfg = Debug|Any CPU
		{8715CBFE-B074-4000-BFD5-1D33D231AB7C}.Debug|Any CPU.Build.0 = Debug|Any CPU
		{8715CBFE-B074-4000-BFD5-1D33D231AB7C}.Release|Any CPU.ActiveCfg = Release|Any CPU
		{8715CBFE-B074-4000-BFD5-1D33D231AB7C}.Release|Any CPU.Build.0 = Release|Any CPU
	EndGlobalSection
	GlobalSection(SolutionProperties) = preSolution
		HideSolutionNode = FALSE
	EndGlobalSection
	GlobalSection(ExtensibilityGlobals) = postSolution
		EnterpriseLibraryConfigurationToolBinariesPath = packages\Unity.2.1.505.2\lib\NET35
	EndGlobalSection
EndGlobal
